// !$*UTF8*$!
{
	archiveVersion = 1;
	classes = {
	};
	objectVersion = 77;
	objects = {

/* Begin PBXBuildFile section */
		AE2223D02DE08F4C002823CA /* SDWebImage in Frameworks */ = {isa = PBXBuildFile; productRef = AE2223CF2DE08F4C002823CA /* SDWebImage */; };
		AE2223D22DE08F4C002823CA /* SDWebImageMapKit in Frameworks */ = {isa = PBXBuildFile; productRef = AE2223D12DE08F4C002823CA /* SDWebImageMapKit */; };
		AE71EF8A2DDCBB9D00835FB9 /* Cloudinary in Frameworks */ = {isa = PBXBuildFile; productRef = AE71EF892DDCBB9D00835FB9 /* Cloudinary */; };
		AEEA0EC82DDA3F7B003CEAD7 /* FirebaseAnalytics in Frameworks */ = {isa = PBXBuildFile; productRef = AEEA0EC72DDA3F7B003CEAD7 /* FirebaseAnalytics */; };
		AEEA0ECA2DDA3F7B003CEAD7 /* FirebaseAuth in Frameworks */ = {isa = PBXBuildFile; productRef = AEEA0EC92DDA3F7B003CEAD7 /* FirebaseAuth */; };
		AEEA0ECC2DDA3F7B003CEAD7 /* FirebaseFirestore in Frameworks */ = {isa = PBXBuildFile; productRef = AEEA0ECB2DDA3F7B003CEAD7 /* FirebaseFirestore */; };
		AEEA0ECE2DDA3F7B003CEAD7 /* FirebaseStorage in Frameworks */ = {isa = PBXBuildFile; productRef = AEEA0ECD2DDA3F7B003CEAD7 /* FirebaseStorage */; };
/* End PBXBuildFile section */

/* Begin PBXFileReference section */
		AEEA0EAC2DDA3E65003CEAD7 /* FirebaseInstagramClone.app */ = {isa = PBXFileReference; explicitFileType = wrapper.application; includeInIndex = 0; path = FirebaseInstagramClone.app; sourceTree = BUILT_PRODUCTS_DIR; };
/* End PBXFileReference section */

/* Begin PBXFileSystemSynchronizedBuildFileExceptionSet section */
		AEEA0EBE2DDA3E66003CEAD7 /* Exceptions for "FirebaseInstagramClone" folder in "FirebaseInstagramClone" target */ = {
			isa = PBXFileSystemSynchronizedBuildFileExceptionSet;
			membershipExceptions = (
				Info.plist,
			);
			target = AEEA0EAB2DDA3E65003CEAD7 /* FirebaseInstagramClone */;
		};
/* End PBXFileSystemSynchronizedBuildFileExceptionSet section */

/* Begin PBXFileSystemSynchronizedRootGroup section */
		AEEA0EAE2DDA3E65003CEAD7 /* FirebaseInstagramClone */ = {
			isa = PBXFileSystemSynchronizedRootGroup;
			exceptions = (
				AEEA0EBE2DDA3E66003CEAD7 /* Exceptions for "FirebaseInstagramClone" folder in "FirebaseInstagramClone" target */,
			);
			path = FirebaseInstagramClone;
			sourceTree = "<group>";
		};
/* End PBXFileSystemSynchronizedRootGroup section */

/* Begin PBXFrameworksBuildPhase section */
		AEEA0EA92DDA3E65003CEAD7 /* Frameworks */ = {
			isa = PBXFrameworksBuildPhase;
			buildActionMask = 2147483647;
			files = (
				AE2223D02DE08F4C002823CA /* SDWebImage in Frameworks */,
				AEEA0EC82DDA3F7B003CEAD7 /* FirebaseAnalytics in Frameworks */,
				AEEA0ECE2DDA3F7B003CEAD7 /* FirebaseStorage in Frameworks */,
				AE71EF8A2DDCBB9D00835FB9 /* Cloudinary in Frameworks */,
				AEEA0ECA2DDA3F7B003CEAD7 /* FirebaseAuth in Frameworks */,
				AE2223D22DE08F4C002823CA /* SDWebImageMapKit in Frameworks */,
				AEEA0ECC2DDA3F7B003CEAD7 /* FirebaseFirestore in Frameworks */,
			);
			runOnlyForDeploymentPostprocessing = 0;
		};
/* End PBXFrameworksBuildPhase section */

/* Begin PBXGroup section */
		AEEA0EA32DDA3E65003CEAD7 = {
			isa = PBXGroup;
			children = (
				AEEA0EAE2DDA3E65003CEAD7 /* FirebaseInstagramClone */,
				AEEA0EAD2DDA3E65003CEAD7 /* Products */,
			);
			sourceTree = "<group>";
		};
		AEEA0EAD2DDA3E65003CEAD7 /* Products */ = {
			isa = PBXGroup;
			children = (
				AEEA0EAC2DDA3E65003CEAD7 /* FirebaseInstagramClone.app */,
			);
			name = Products;
			sourceTree = "<group>";
		};
/* End PBXGroup section */

/* Begin PBXNativeTarget section */
		AEEA0EAB2DDA3E65003CEAD7 /* FirebaseInstagramClone */ = {
			isa = PBXNativeTarget;
			buildConfigurationList = AEEA0EBF2DDA3E66003CEAD7 /* Build configuration list for PBXNativeTarget "FirebaseInstagramClone" */;
			buildPhases = (
				AEEA0EA82DDA3E65003CEAD7 /* Sources */,
				AEEA0EA92DDA3E65003CEAD7 /* Frameworks */,
				AEEA0EAA2DDA3E65003CEAD7 /* Resources */,
			);
			buildRules = (
			);
			dependencies = (
			);
			fileSystemSynchronizedGroups = (
				AEEA0EAE2DDA3E65003CEAD7 /* FirebaseInstagramClone */,
			);
			name = FirebaseInstagramClone;
			packageProductDependencies = (
				AEEA0EC72DDA3F7B003CEAD7 /* FirebaseAnalytics */,
				AEEA0EC92DDA3F7B003CEAD7 /* FirebaseAuth */,
				AEEA0ECB2DDA3F7B003CEAD7 /* FirebaseFirestore */,
				AEEA0ECD2DDA3F7B003CEAD7 /* FirebaseStorage */,
				AE71EF892DDCBB9D00835FB9 /* Cloudinary */,
				AE2223CF2DE08F4C002823CA /* SDWebImage */,
				AE2223D12DE08F4C002823CA /* SDWebImageMapKit */,
			);
			productName = FirebaseInstagramClone;
			productReference = AEEA0EAC2DDA3E65003CEAD7 /* FirebaseInstagramClone.app */;
			productType = "com.apple.product-type.application";
		};
/* End PBXNativeTarget section */

/* Begin PBXProject section */
		AEEA0EA42DDA3E65003CEAD7 /* Project object */ = {
			isa = PBXProject;
			attributes = {
				BuildIndependentTargetsInParallel = 1;
				LastSwiftUpdateCheck = 1630;
				LastUpgradeCheck = 1630;
				TargetAttributes = {
					AEEA0EAB2DDA3E65003CEAD7 = {
						CreatedOnToolsVersion = 16.3;
					};
				};
			};
			buildConfigurationList = AEEA0EA72DDA3E65003CEAD7 /* Build configuration list for PBXProject "FirebaseInstagramClone" */;
			developmentRegion = en;
			hasScannedForEncodings = 0;
			knownRegions = (
				en,
				Base,
			);
			mainGroup = AEEA0EA32DDA3E65003CEAD7;
			minimizedProjectReferenceProxies = 1;
			packageReferences = (
				AEEA0EC62DDA3F7B003CEAD7 /* XCRemoteSwiftPackageReference "firebase-ios-sdk" */,
				AE71EF882DDCBB9D00835FB9 /* XCRemoteSwiftPackageReference "cloudinary_ios" */,
				AE2223CE2DE08F4C002823CA /* XCRemoteSwiftPackageReference "SDWebImage" */,
			);
			preferredProjectObjectVersion = 77;
			productRefGroup = AEEA0EAD2DDA3E65003CEAD7 /* Products */;
			projectDirPath = "";
			projectRoot = "";
			targets = (
				AEEA0EAB2DDA3E65003CEAD7 /* FirebaseInstagramClone */,
			);
		};
/* End PBXProject section */

/* Begin PBXResourcesBuildPhase section */
		AEEA0EAA2DDA3E65003CEAD7 /* Resources */ = {
			isa = PBXResourcesBuildPhase;
			buildActionMask = 2147483647;
			files = (
			);
			runOnlyForDeploymentPostprocessing = 0;
		};
/* End PBXResourcesBuildPhase section */

/* Begin PBXSourcesBuildPhase section */
		AEEA0EA82DDA3E65003CEAD7 /* Sources */ = {
			isa = PBXSourcesBuildPhase;
			buildActionMask = 2147483647;
			files = (
			);
			runOnlyForDeploymentPostprocessing = 0;
		};
/* End PBXSourcesBuildPhase section */

/* Begin XCBuildConfiguration section */
		AEEA0EC02DDA3E66003CEAD7 /* Debug */ = {
			isa = XCBuildConfiguration;
			buildSettings = {
				ASSETCATALOG_COMPILER_APPICON_NAME = AppIcon;
				ASSETCATALOG_COMPILER_GLOBAL_ACCENT_COLOR_NAME = AccentColor;
				CODE_SIGN_STYLE = Automatic;
				CURRENT_PROJECT_VERSION = 1;
				DEVELOPMENT_TEAM = UVJ7BNXZA8;
				GENERATE_INFOPLIST_FILE = YES;
				INFOPLIST_FILE = FirebaseInstagramClone/Info.plist;
				INFOPLIST_KEY_UIApplicationSupportsIndirectInputEvents = YES;
				INFOPLIST_KEY_UILaunchStoryboardName = LaunchScreen;
				INFOPLIST_KEY_UIMainStoryboardFile = Main;
				INFOPLIST_KEY_UISupportedInterfaceOrientations_iPad = "UIInterfaceOrientationPortrait UIInterfaceOrientationPortraitUpsideDown UIInterfaceOrientationLandscapeLeft UIInterfaceOrientationLandscapeRight";
				INFOPLIST_KEY_UISupportedInterfaceOrientations_iPhone = "UIInterfaceOrientationPortrait UIInterfaceOrientationLandscapeLeft UIInterfaceOrientationLandscapeRight";
				LD_RUNPATH_SEARCH_PATHS = (
					"$(inherited)",
					"@executable_path/Frameworks",
				);
				MARKETING_VERSION = 1.0;
				PRODUCT_BUNDLE_IDENTIFIER = com.yusufbugrayildirim.FirebaseInstagramClone;
				PRODUCT_NAME = "$(TARGET_NAME)";
				SWIFT_EMIT_LOC_STRINGS = YES;
				SWIFT_VERSION = 5.0;
				TARGETED_DEVICE_FAMILY = "1,2";
			};
			name = Debug;
		};
		AEEA0EC12DDA3E66003CEAD7 /* Release */ = {
			isa = XCBuildConfiguration;
			buildSettings = {
				ASSETCATALOG_COMPILER_APPICON_NAME = AppIcon;
				ASSETCATALOG_COMPILER_GLOBAL_ACCENT_COLOR_NAME = AccentColor;
				CODE_SIGN_STYLE = Automatic;
				CURRENT_PROJECT_VERSION = 1;
				DEVELOPMENT_TEAM = UVJ7BNXZA8;
				GENERATE_INFOPLIST_FILE = YES;
				INFOPLIST_FILE = FirebaseInstagramClone/Info.plist;
				INFOPLIST_KEY_UIApplicationSupportsIndirectInputEvents = YES;
				INFOPLIST_KEY_UILaunchStoryboardName = LaunchScreen;
				INFOPLIST_KEY_UIMainStoryboardFile = Main;
				INFOPLIST_KEY_UISupportedInterfaceOrientations_iPad = "UIInterfaceOrientationPortrait UIInterfaceOrientationPortraitUpsideDown UIInterfaceOrientationLandscapeLeft UIInterfaceOrientationLandscapeRight";
				INFOPLIST_KEY_UISupportedInterfaceOrientations_iPhone = "UIInterfaceOrientationPortrait UIInterfaceOrientationLandscapeLeft UIInterfaceOrientationLandscapeRight";
				LD_RUNPATH_SEARCH_PATHS = (
					"$(inherited)",
					"@executable_path/Frameworks",
				);
				MARKETING_VERSION = 1.0;
				PRODUCT_BUNDLE_IDENTIFIER = com.yusufbugrayildirim.FirebaseInstagramClone;
				PRODUCT_NAME = "$(TARGET_NAME)";
				SWIFT_EMIT_LOC_STRINGS = YES;
				SWIFT_VERSION = 5.0;
				TARGETED_DEVICE_FAMILY = "1,2";
			};
			name = Release;
		};
		AEEA0EC22DDA3E66003CEAD7 /* Debug */ = {
			isa = XCBuildConfiguration;
			buildSettings = {
				ALWAYS_SEARCH_USER_PATHS = NO;
				ASSETCATALOG_COMPILER_GENERATE_SWIFT_ASSET_SYMBOL_EXTENSIONS = YES;
				CLANG_ANALYZER_NONNULL = YES;
				CLANG_ANALYZER_NUMBER_OBJECT_CONVERSION = YES_AGGRESSIVE;
				CLANG_CXX_LANGUAGE_STANDARD = "gnu++20";
				CLANG_ENABLE_MODULES = YES;
				CLANG_ENABLE_OBJC_ARC = YES;
				CLANG_ENABLE_OBJC_WEAK = YES;
				CLANG_WARN_BLOCK_CAPTURE_AUTORELEASING = YES;
				CLANG_WARN_BOOL_CONVERSION = YES;
				CLANG_WARN_COMMA = YES;
				CLANG_WARN_CONSTANT_CONVERSION = YES;
				CLANG_WARN_DEPRECATED_OBJC_IMPLEMENTATIONS = YES;
				CLANG_WARN_DIRECT_OBJC_ISA_USAGE = YES_ERROR;
				CLANG_WARN_DOCUMENTATION_COMMENTS = YES;
				CLANG_WARN_EMPTY_BODY = YES;
				CLANG_WARN_ENUM_CONVERSION = YES;
				CLANG_WARN_INFINITE_RECURSION = YES;
				CLANG_WARN_INT_CONVERSION = YES;
				CLANG_WARN_NON_LITERAL_NULL_CONVERSION = YES;
				CLANG_WARN_OBJC_IMPLICIT_RETAIN_SELF = YES;
				CLANG_WARN_OBJC_LITERAL_CONVERSION = YES;
				CLANG_WARN_OBJC_ROOT_CLASS = YES_ERROR;
				CLANG_WARN_QUOTED_INCLUDE_IN_FRAMEWORK_HEADER = YES;
				CLANG_WARN_RANGE_LOOP_ANALYSIS = YES;
				CLANG_WARN_STRICT_PROTOTYPES = YES;
				CLANG_WARN_SUSPICIOUS_MOVE = YES;
				CLANG_WARN_UNGUARDED_AVAILABILITY = YES_AGGRESSIVE;
				CLANG_WARN_UNREACHABLE_CODE = YES;
				CLANG_WARN__DUPLICATE_METHOD_MATCH = YES;
				COPY_PHASE_STRIP = NO;
				DEBUG_INFORMATION_FORMAT = dwarf;
				DEVELOPMENT_TEAM = UVJ7BNXZA8;
				ENABLE_STRICT_OBJC_MSGSEND = YES;
				ENABLE_TESTABILITY = YES;
				ENABLE_USER_SCRIPT_SANDBOXING = YES;
				GCC_C_LANGUAGE_STANDARD = gnu17;
				GCC_DYNAMIC_NO_PIC = NO;
				GCC_NO_COMMON_BLOCKS = YES;
				GCC_OPTIMIZATION_LEVEL = 0;
				GCC_PREPROCESSOR_DEFINITIONS = (
					"DEBUG=1",
					"$(inherited)",
				);
				GCC_WARN_64_TO_32_BIT_CONVERSION = YES;
				GCC_WARN_ABOUT_RETURN_TYPE = YES_ERROR;
				GCC_WARN_UNDECLARED_SELECTOR = YES;
				GCC_WARN_UNINITIALIZED_AUTOS = YES_AGGRESSIVE;
				GCC_WARN_UNUSED_FUNCTION = YES;
				GCC_WARN_UNUSED_VARIABLE = YES;
				IPHONEOS_DEPLOYMENT_TARGET = 18.4;
				LOCALIZATION_PREFERS_STRING_CATALOGS = YES;
				MTL_ENABLE_DEBUG_INFO = INCLUDE_SOURCE;
				MTL_FAST_MATH = YES;
				ONLY_ACTIVE_ARCH = YES;
				SDKROOT = iphoneos;
				SWIFT_ACTIVE_COMPILATION_CONDITIONS = "DEBUG $(inherited)";
				SWIFT_OPTIMIZATION_LEVEL = "-Onone";
			};
			name = Debug;
		};
		AEEA0EC32DDA3E66003CEAD7 /* Release */ = {
			isa = XCBuildConfiguration;
			buildSettings = {
				ALWAYS_SEARCH_USER_PATHS = NO;
				ASSETCATALOG_COMPILER_GENERATE_SWIFT_ASSET_SYMBOL_EXTENSIONS = YES;
				CLANG_ANALYZER_NONNULL = YES;
				CLANG_ANALYZER_NUMBER_OBJECT_CONVERSION = YES_AGGRESSIVE;
				CLANG_CXX_LANGUAGE_STANDARD = "gnu++20";
				CLANG_ENABLE_MODULES = YES;
				CLANG_ENABLE_OBJC_ARC = YES;
				CLANG_ENABLE_OBJC_WEAK = YES;
				CLANG_WARN_BLOCK_CAPTURE_AUTORELEASING = YES;
				CLANG_WARN_BOOL_CONVERSION = YES;
				CLANG_WARN_COMMA = YES;
				CLANG_WARN_CONSTANT_CONVERSION = YES;
				CLANG_WARN_DEPRECATED_OBJC_IMPLEMENTATIONS = YES;
				CLANG_WARN_DIRECT_OBJC_ISA_USAGE = YES_ERROR;
				CLANG_WARN_DOCUMENTATION_COMMENTS = YES;
				CLANG_WARN_EMPTY_BODY = YES;
				CLANG_WARN_ENUM_CONVERSION = YES;
				CLANG_WARN_INFINITE_RECURSION = YES;
				CLANG_WARN_INT_CONVERSION = YES;
				CLANG_WARN_NON_LITERAL_NULL_CONVERSION = YES;
				CLANG_WARN_OBJC_IMPLICIT_RETAIN_SELF = YES;
				CLANG_WARN_OBJC_LITERAL_CONVERSION = YES;
				CLANG_WARN_OBJC_ROOT_CLASS = YES_ERROR;
				CLANG_WARN_QUOTED_INCLUDE_IN_FRAMEWORK_HEADER = YES;
				CLANG_WARN_RANGE_LOOP_ANALYSIS = YES;
				CLANG_WARN_STRICT_PROTOTYPES = YES;
				CLANG_WARN_SUSPICIOUS_MOVE = YES;
				CLANG_WARN_UNGUARDED_AVAILABILITY = YES_AGGRESSIVE;
				CLANG_WARN_UNREACHABLE_CODE = YES;
				CLANG_WARN__DUPLICATE_METHOD_MATCH = YES;
				COPY_PHASE_STRIP = NO;
				DEBUG_INFORMATION_FORMAT = "dwarf-with-dsym";
				DEVELOPMENT_TEAM = UVJ7BNXZA8;
				ENABLE_NS_ASSERTIONS = NO;
				ENABLE_STRICT_OBJC_MSGSEND = YES;
				ENABLE_USER_SCRIPT_SANDBOXING = YES;
				GCC_C_LANGUAGE_STANDARD = gnu17;
				GCC_NO_COMMON_BLOCKS = YES;
				GCC_WARN_64_TO_32_BIT_CONVERSION = YES;
				GCC_WARN_ABOUT_RETURN_TYPE = YES_ERROR;
				GCC_WARN_UNDECLARED_SELECTOR = YES;
				GCC_WARN_UNINITIALIZED_AUTOS = YES_AGGRESSIVE;
				GCC_WARN_UNUSED_FUNCTION = YES;
				GCC_WARN_UNUSED_VARIABLE = YES;
				IPHONEOS_DEPLOYMENT_TARGET = 18.4;
				LOCALIZATION_PREFERS_STRING_CATALOGS = YES;
				MTL_ENABLE_DEBUG_INFO = NO;
				MTL_FAST_MATH = YES;
				SDKROOT = iphoneos;
				SWIFT_COMPILATION_MODE = wholemodule;
				VALIDATE_PRODUCT = YES;
			};
			name = Release;
		};
/* End XCBuildConfiguration section */

/* Begin XCConfigurationList section */
		AEEA0EA72DDA3E65003CEAD7 /* Build configuration list for PBXProject "FirebaseInstagramClone" */ = {
			isa = XCConfigurationList;
			buildConfigurations = (
				AEEA0EC22DDA3E66003CEAD7 /* Debug */,
				AEEA0EC32DDA3E66003CEAD7 /* Release */,
			);
			defaultConfigurationIsVisible = 0;
			defaultConfigurationName = Release;
		};
		AEEA0EBF2DDA3E66003CEAD7 /* Build configuration list for PBXNativeTarget "FirebaseInstagramClone" */ = {
			isa = XCConfigurationList;
			buildConfigurations = (
				AEEA0EC02DDA3E66003CEAD7 /* Debug */,
				AEEA0EC12DDA3E66003CEAD7 /* Release */,
			);
			defaultConfigurationIsVisible = 0;
			defaultConfigurationName = Release;
		};
/* End XCConfigurationList section */

/* Begin XCRemoteSwiftPackageReference section */
		AE2223CE2DE08F4C002823CA /* XCRemoteSwiftPackageReference "SDWebImage" */ = {
			isa = XCRemoteSwiftPackageReference;
			repositoryURL = "https://github.com/SDWebImage/SDWebImage";
			requirement = {
				kind = upToNextMajorVersion;
				minimumVersion = 5.21.0;
			};
		};
		AE71EF882DDCBB9D00835FB9 /* XCRemoteSwiftPackageReference "cloudinary_ios" */ = {
			isa = XCRemoteSwiftPackageReference;
			repositoryURL = "https://github.com/cloudinary/cloudinary_ios.git";
			requirement = {
				kind = upToNextMajorVersion;
				minimumVersion = 5.1.0;
			};
		};
		AEEA0EC62DDA3F7B003CEAD7 /* XCRemoteSwiftPackageReference "firebase-ios-sdk" */ = {
			isa = XCRemoteSwiftPackageReference;
			repositoryURL = "https://github.com/firebase/firebase-ios-sdk";
			requirement = {
				kind = upToNextMajorVersion;
				minimumVersion = 11.12.0;
			};
		};
/* End XCRemoteSwiftPackageReference section */

/* Begin XCSwiftPackageProductDependency section */
		AE2223CF2DE08F4C002823CA /* SDWebImage */ = {
			isa = XCSwiftPackageProductDependency;
			package = AE2223CE2DE08F4C002823CA /* XCRemoteSwiftPackageReference "SDWebImage" */;
			productName = SDWebImage;
		};
		AE2223D12DE08F4C002823CA /* SDWebImageMapKit */ = {
			isa = XCSwiftPackageProductDependency;
			package = AE2223CE2DE08F4C002823CA /* XCRemoteSwiftPackageReference "SDWebImage" */;
			productName = SDWebImageMapKit;
		};
		AE71EF892DDCBB9D00835FB9 /* Cloudinary */ = {
			isa = XCSwiftPackageProductDependency;
			package = AE71EF882DDCBB9D00835FB9 /* XCRemoteSwiftPackageReference "cloudinary_ios" */;
			productName = Cloudinary;
		};
		AEEA0EC72DDA3F7B003CEAD7 /* FirebaseAnalytics */ = {
			isa = XCSwiftPackageProductDependency;
			package = AEEA0EC62DDA3F7B003CEAD7 /* XCRemoteSwiftPackageReference "firebase-ios-sdk" */;
			productName = FirebaseAnalytics;
		};
		AEEA0EC92DDA3F7B003CEAD7 /* FirebaseAuth */ = {
			isa = XCSwiftPackageProductDependency;
			package = AEEA0EC62DDA3F7B003CEAD7 /* XCRemoteSwiftPackageReference "firebase-ios-sdk" */;
			productName = FirebaseAuth;
		};
		AEEA0ECB2DDA3F7B003CEAD7 /* FirebaseFirestore */ = {
			isa = XCSwiftPackageProductDependency;
			package = AEEA0EC62DDA3F7B003CEAD7 /* XCRemoteSwiftPackageReference "firebase-ios-sdk" */;
			productName = FirebaseFirestore;
		};
		AEEA0ECD2DDA3F7B003CEAD7 /* FirebaseStorage */ = {
			isa = XCSwiftPackageProductDependency;
			package = AEEA0EC62DDA3F7B003CEAD7 /* XCRemoteSwiftPackageReference "firebase-ios-sdk" */;
			productName = FirebaseStorage;
		};
/* End XCSwiftPackageProductDependency section */
	};
	rootObject = AEEA0EA42DDA3E65003CEAD7 /* Project object */;
}
